
Microsoft Visual Studio Solution File, Format Version 12.00
# Visual Studio 15
VisualStudioVersion = 15.0.28307.1525
MinimumVisualStudioVersion = 10.0.40219.1
Project("{159641D6-6404-4A2A-AE62-294DE0FE8301}") = "Ejercicio1", "Ejercicio1.dtproj", "{2E7C6506-EB55-4D80-9029-2F57A14BABA7}"
EndProject
Global
	GlobalSection(SolutionConfigurationPlatforms) = preSolution
		Development|Default = Development|Default
	EndGlobalSection
	GlobalSection(ProjectConfigurationPlatforms) = postSolution
		{2E7C6506-EB55-4D80-9029-2F57A14BABA7}.Development|Default.ActiveCfg = Development
		{2E7C6506-EB55-4D80-9029-2F57A14BABA7}.Development|Default.Build.0 = Development
	EndGlobalSection
	GlobalSection(SolutionProperties) = preSolution
		HideSolutionNode = FALSE
	EndGlobalSection
	GlobalSection(ExtensibilityGlobals) = postSolution
		SolutionGuid = {71F9D83B-A7A4-47BE-9151-63AD59D0B5C6}
	EndGlobalSection
EndGlobal
