
Microsoft Visual Studio Solution File, Format Version 12.00
# Visual Studio 15
VisualStudioVersion = 15.0.28307.1525
MinimumVisualStudioVersion = 10.0.40219.1
Project("{159641D6-6404-4A2A-AE62-294DE0FE8301}") = "Ejercicio2", "Ejercicio2.dtproj", "{BBFAC625-D505-4003-AAC7-080F7D519CDB}"
EndProject
Global
	GlobalSection(SolutionConfigurationPlatforms) = preSolution
		Development|Default = Development|Default
	EndGlobalSection
	GlobalSection(ProjectConfigurationPlatforms) = postSolution
		{BBFAC625-D505-4003-AAC7-080F7D519CDB}.Development|Default.ActiveCfg = Development
		{BBFAC625-D505-4003-AAC7-080F7D519CDB}.Development|Default.Build.0 = Development
	EndGlobalSection
	GlobalSection(SolutionProperties) = preSolution
		HideSolutionNode = FALSE
	EndGlobalSection
	GlobalSection(ExtensibilityGlobals) = postSolution
		SolutionGuid = {BE56A70B-B708-4807-8128-E141EB5DE8DE}
	EndGlobalSection
EndGlobal
