
Microsoft Visual Studio Solution File, Format Version 12.00
# Visual Studio 15
VisualStudioVersion = 15.0.28307.1525
MinimumVisualStudioVersion = 10.0.40219.1
Project("{159641D6-6404-4A2A-AE62-294DE0FE8301}") = "ejercicio3", "ejercicio3.dtproj", "{DD44E38A-CBEA-40C3-9B2C-8B912C926B2D}"
EndProject
Global
	GlobalSection(SolutionConfigurationPlatforms) = preSolution
		Development|Default = Development|Default
	EndGlobalSection
	GlobalSection(ProjectConfigurationPlatforms) = postSolution
		{DD44E38A-CBEA-40C3-9B2C-8B912C926B2D}.Development|Default.ActiveCfg = Development
		{DD44E38A-CBEA-40C3-9B2C-8B912C926B2D}.Development|Default.Build.0 = Development
	EndGlobalSection
	GlobalSection(SolutionProperties) = preSolution
		HideSolutionNode = FALSE
	EndGlobalSection
	GlobalSection(ExtensibilityGlobals) = postSolution
		SolutionGuid = {55A5DEB0-9CA2-4E07-ADA3-6329B756265B}
	EndGlobalSection
EndGlobal
